
Microsoft Visual Studio Solution File, Format Version 12.00
# Visual Studio Version 16
VisualStudioVersion = 16.0.34031.81
MinimumVisualStudioVersion = 10.0.40219.1
Project("{2150E333-8FDC-42A3-9474-1A3956D46DE8}") = "Task0", "Task0", "{C21EE75C-D4C7-4185-99F8-D5113836C812}"
EndProject
Project("{FAE04EC0-301F-11D3-BF4B-00C04F79EFBC}") = "Tyuiu.PanasenkoRA.Sprint3.Task0.V0", "Tyuiu.PanasenkoRA.Sprint3.Task0.V0\Tyuiu.PanasenkoRA.Sprint3.Task0.V0.csproj", "{D850616A-E743-4CCE-BD69-F337B5F55EB7}"
EndProject
Project("{FAE04EC0-301F-11D3-BF4B-00C04F79EFBC}") = "Tyuiu.PanasenkoRA.Sprint3.Task0.V0.Lib", "Tyuiu.PanasenkoRA.Sprint3.Task0.V0.Lib\Tyuiu.PanasenkoRA.Sprint3.Task0.V0.Lib.csproj", "{1BC0EC0A-9BBE-423B-8026-5FFB6F231595}"
EndProject
Project("{FAE04EC0-301F-11D3-BF4B-00C04F79EFBC}") = "Tyuiu.PanasenkoRA.Sprint3.Task0.V0.Test", "Tyuiu.PanasenkoRA.Sprint3.Task0.V0.Test\Tyuiu.PanasenkoRA.Sprint3.Task0.V0.Test.csproj", "{76EB7ACA-8119-437E-9F3A-0D48E5B4969C}"
EndProject
Project("{2150E333-8FDC-42A3-9474-1A3956D46DE8}") = "Task1", "Task1", "{4367280E-3920-4413-905A-0BC8F33D267C}"
EndProject
Project("{FAE04EC0-301F-11D3-BF4B-00C04F79EFBC}") = "Tyuiu.PanasenkoRA.Sprint3.Task1.V0", "Tyuiu.PanasenkoRA.Sprint3.Task1.V0\Tyuiu.PanasenkoRA.Sprint3.Task1.V0.csproj", "{14C12EB7-00A8-4196-9892-A8481498CF9F}"
EndProject
Project("{FAE04EC0-301F-11D3-BF4B-00C04F79EFBC}") = "Tyuiu.PanasenkoRA.Sprint3.Task1.V0.Lib", "Tyuiu.PanasenkoRA.Sprint3.Task1.V0.Lib\Tyuiu.PanasenkoRA.Sprint3.Task1.V0.Lib.csproj", "{DD03EB43-B4A2-4D2D-9C56-EF593E4BE017}"
EndProject
Project("{FAE04EC0-301F-11D3-BF4B-00C04F79EFBC}") = "Tyuiu.PanasenkoRA.Sprint3.Task1.V0.Test", "Tyuiu.PanasenkoRA.Sprint3.Task1.V0.Test\Tyuiu.PanasenkoRA.Sprint3.Task1.V0.Test.csproj", "{306CF85F-20E0-4185-B660-24FC00DD32B9}"
EndProject
Project("{2150E333-8FDC-42A3-9474-1A3956D46DE8}") = "Task2", "Task2", "{EF27683F-4D02-41ED-9A69-C23A7E8D11B9}"
EndProject
Project("{FAE04EC0-301F-11D3-BF4B-00C04F79EFBC}") = "Tyuiu.PanasenkoRA.Sprint3.Task2.V0", "Tyuiu.PanasenkoRA.Sprint3.Task2.V0\Tyuiu.PanasenkoRA.Sprint3.Task2.V0.csproj", "{C32F2B0E-05ED-40EC-9901-996D01C8663F}"
EndProject
Project("{FAE04EC0-301F-11D3-BF4B-00C04F79EFBC}") = "Tyuiu.PanasenkoRA.Sprint3.Task2.V0.Lib", "Tyuiu.PanasenkoRA.Sprint3.Task2.V0.Lib\Tyuiu.PanasenkoRA.Sprint3.Task2.V0.Lib.csproj", "{044DCABB-1D2C-4C98-9FF9-958362478112}"
EndProject
Project("{FAE04EC0-301F-11D3-BF4B-00C04F79EFBC}") = "Tyuiu.PanasenkoRA.Sprint3.Task2.V0.Test", "Tyuiu.PanasenkoRA.Sprint3.Task2.V0.Test\Tyuiu.PanasenkoRA.Sprint3.Task2.V0.Test.csproj", "{A5B9AE7D-5288-4FAB-BE73-89451D9E32D6}"
EndProject
Project("{2150E333-8FDC-42A3-9474-1A3956D46DE8}") = "Task3", "Task3", "{94BCCF09-D5E0-4635-81CC-29AF6E3672B5}"
EndProject
Project("{FAE04EC0-301F-11D3-BF4B-00C04F79EFBC}") = "Tyuiu.PanasenkoRA.Sprint3.Task3.V0", "Tyuiu.PanasenkoRA.Sprint3.Task3.V0\Tyuiu.PanasenkoRA.Sprint3.Task3.V0.csproj", "{95BCE880-4011-46ED-B414-32EBB4FA14DE}"
EndProject
Project("{FAE04EC0-301F-11D3-BF4B-00C04F79EFBC}") = "Tyuiu.PanasenkoRA.Sprint3.Task3.V0.Lib", "Tyuiu.PanasenkoRA.Sprint3.Task3.V0.Lib\Tyuiu.PanasenkoRA.Sprint3.Task3.V0.Lib.csproj", "{B8147866-985F-4CF1-9D0D-29D8E038A51B}"
EndProject
Project("{FAE04EC0-301F-11D3-BF4B-00C04F79EFBC}") = "Tyuiu.PanasenkoRA.Sprint3.Task3.V0.Test", "Tyuiu.PanasenkoRA.Sprint3.Task3.V0.Test\Tyuiu.PanasenkoRA.Sprint3.Task3.V0.Test.csproj", "{9C755BC2-4C89-4055-A982-A4ED0D3C37FC}"
EndProject
Project("{2150E333-8FDC-42A3-9474-1A3956D46DE8}") = "Task4", "Task4", "{C5D2946E-2DBF-4858-BB52-C065BE0FD858}"
EndProject
Project("{FAE04EC0-301F-11D3-BF4B-00C04F79EFBC}") = "Tyuiu.PanasenkoRA.Sprint3.Task4.V0", "Tyuiu.PanasenkoRA.Sprint3.Task4.V0\Tyuiu.PanasenkoRA.Sprint3.Task4.V0.csproj", "{3A366FE6-5F29-41B8-AEE3-34F9B714618B}"
EndProject
Project("{FAE04EC0-301F-11D3-BF4B-00C04F79EFBC}") = "Tyuiu.PanasenkoRA.Sprint3.Task4.V0.Lib", "Tyuiu.PanasenkoRA.Sprint3.Task4.V0.Lib\Tyuiu.PanasenkoRA.Sprint3.Task4.V0.Lib.csproj", "{15CBA9AE-24BF-4C2B-BA2A-6A6AE365D7D7}"
EndProject
Project("{FAE04EC0-301F-11D3-BF4B-00C04F79EFBC}") = "Tyuiu.PanasenkoRA.Sprint3.Task4.V0.Test", "Tyuiu.PanasenkoRA.Sprint3.Task4.V0.Test\Tyuiu.PanasenkoRA.Sprint3.Task4.V0.Test.csproj", "{A676814B-AAC5-4219-B7BF-3794D61F72E7}"
EndProject
Global
	GlobalSection(SolutionConfigurationPlatforms) = preSolution
		Debug|Any CPU = Debug|Any CPU
		Release|Any CPU = Release|Any CPU
	EndGlobalSection
	GlobalSection(ProjectConfigurationPlatforms) = postSolution
		{D850616A-E743-4CCE-BD69-F337B5F55EB7}.Debug|Any CPU.ActiveCfg = Debug|Any CPU
		{D850616A-E743-4CCE-BD69-F337B5F55EB7}.Debug|Any CPU.Build.0 = Debug|Any CPU
		{D850616A-E743-4CCE-BD69-F337B5F55EB7}.Release|Any CPU.ActiveCfg = Release|Any CPU
		{D850616A-E743-4CCE-BD69-F337B5F55EB7}.Release|Any CPU.Build.0 = Release|Any CPU
		{1BC0EC0A-9BBE-423B-8026-5FFB6F231595}.Debug|Any CPU.ActiveCfg = Debug|Any CPU
		{1BC0EC0A-9BBE-423B-8026-5FFB6F231595}.Debug|Any CPU.Build.0 = Debug|Any CPU
		{1BC0EC0A-9BBE-423B-8026-5FFB6F231595}.Release|Any CPU.ActiveCfg = Release|Any CPU
		{1BC0EC0A-9BBE-423B-8026-5FFB6F231595}.Release|Any CPU.Build.0 = Release|Any CPU
		{76EB7ACA-8119-437E-9F3A-0D48E5B4969C}.Debug|Any CPU.ActiveCfg = Debug|Any CPU
		{76EB7ACA-8119-437E-9F3A-0D48E5B4969C}.Debug|Any CPU.Build.0 = Debug|Any CPU
		{76EB7ACA-8119-437E-9F3A-0D48E5B4969C}.Release|Any CPU.ActiveCfg = Release|Any CPU
		{76EB7ACA-8119-437E-9F3A-0D48E5B4969C}.Release|Any CPU.Build.0 = Release|Any CPU
		{14C12EB7-00A8-4196-9892-A8481498CF9F}.Debug|Any CPU.ActiveCfg = Debug|Any CPU
		{14C12EB7-00A8-4196-9892-A8481498CF9F}.Debug|Any CPU.Build.0 = Debug|Any CPU
		{14C12EB7-00A8-4196-9892-A8481498CF9F}.Release|Any CPU.ActiveCfg = Release|Any CPU
		{14C12EB7-00A8-4196-9892-A8481498CF9F}.Release|Any CPU.Build.0 = Release|Any CPU
		{DD03EB43-B4A2-4D2D-9C56-EF593E4BE017}.Debug|Any CPU.ActiveCfg = Debug|Any CPU
		{DD03EB43-B4A2-4D2D-9C56-EF593E4BE017}.Debug|Any CPU.Build.0 = Debug|Any CPU
		{DD03EB43-B4A2-4D2D-9C56-EF593E4BE017}.Release|Any CPU.ActiveCfg = Release|Any CPU
		{DD03EB43-B4A2-4D2D-9C56-EF593E4BE017}.Release|Any CPU.Build.0 = Release|Any CPU
		{306CF85F-20E0-4185-B660-24FC00DD32B9}.Debug|Any CPU.ActiveCfg = Debug|Any CPU
		{306CF85F-20E0-4185-B660-24FC00DD32B9}.Debug|Any CPU.Build.0 = Debug|Any CPU
		{306CF85F-20E0-4185-B660-24FC00DD32B9}.Release|Any CPU.ActiveCfg = Release|Any CPU
		{306CF85F-20E0-4185-B660-24FC00DD32B9}.Release|Any CPU.Build.0 = Release|Any CPU
		{C32F2B0E-05ED-40EC-9901-996D01C8663F}.Debug|Any CPU.ActiveCfg = Debug|Any CPU
		{C32F2B0E-05ED-40EC-9901-996D01C8663F}.Debug|Any CPU.Build.0 = Debug|Any CPU
		{C32F2B0E-05ED-40EC-9901-996D01C8663F}.Release|Any CPU.ActiveCfg = Release|Any CPU
		{C32F2B0E-05ED-40EC-9901-996D01C8663F}.Release|Any CPU.Build.0 = Release|Any CPU
		{044DCABB-1D2C-4C98-9FF9-958362478112}.Debug|Any CPU.ActiveCfg = Debug|Any CPU
		{044DCABB-1D2C-4C98-9FF9-958362478112}.Debug|Any CPU.Build.0 = Debug|Any CPU
		{044DCABB-1D2C-4C98-9FF9-958362478112}.Release|Any CPU.ActiveCfg = Release|Any CPU
		{044DCABB-1D2C-4C98-9FF9-958362478112}.Release|Any CPU.Build.0 = Release|Any CPU
		{A5B9AE7D-5288-4FAB-BE73-89451D9E32D6}.Debug|Any CPU.ActiveCfg = Debug|Any CPU
		{A5B9AE7D-5288-4FAB-BE73-89451D9E32D6}.Debug|Any CPU.Build.0 = Debug|Any CPU
		{A5B9AE7D-5288-4FAB-BE73-89451D9E32D6}.Release|Any CPU.ActiveCfg = Release|Any CPU
		{A5B9AE7D-5288-4FAB-BE73-89451D9E32D6}.Release|Any CPU.Build.0 = Release|Any CPU
		{95BCE880-4011-46ED-B414-32EBB4FA14DE}.Debug|Any CPU.ActiveCfg = Debug|Any CPU
		{95BCE880-4011-46ED-B414-32EBB4FA14DE}.Debug|Any CPU.Build.0 = Debug|Any CPU
		{95BCE880-4011-46ED-B414-32EBB4FA14DE}.Release|Any CPU.ActiveCfg = Release|Any CPU
		{95BCE880-4011-46ED-B414-32EBB4FA14DE}.Release|Any CPU.Build.0 = Release|Any CPU
		{B8147866-985F-4CF1-9D0D-29D8E038A51B}.Debug|Any CPU.ActiveCfg = Debug|Any CPU
		{B8147866-985F-4CF1-9D0D-29D8E038A51B}.Debug|Any CPU.Build.0 = Debug|Any CPU
		{B8147866-985F-4CF1-9D0D-29D8E038A51B}.Release|Any CPU.ActiveCfg = Release|Any CPU
		{B8147866-985F-4CF1-9D0D-29D8E038A51B}.Release|Any CPU.Build.0 = Release|Any CPU
		{9C755BC2-4C89-4055-A982-A4ED0D3C37FC}.Debug|Any CPU.ActiveCfg = Debug|Any CPU
		{9C755BC2-4C89-4055-A982-A4ED0D3C37FC}.Debug|Any CPU.Build.0 = Debug|Any CPU
		{9C755BC2-4C89-4055-A982-A4ED0D3C37FC}.Release|Any CPU.ActiveCfg = Release|Any CPU
		{9C755BC2-4C89-4055-A982-A4ED0D3C37FC}.Release|Any CPU.Build.0 = Release|Any CPU
		{3A366FE6-5F29-41B8-AEE3-34F9B714618B}.Debug|Any CPU.ActiveCfg = Debug|Any CPU
		{3A366FE6-5F29-41B8-AEE3-34F9B714618B}.Debug|Any CPU.Build.0 = Debug|Any CPU
		{3A366FE6-5F29-41B8-AEE3-34F9B714618B}.Release|Any CPU.ActiveCfg = Release|Any CPU
		{3A366FE6-5F29-41B8-AEE3-34F9B714618B}.Release|Any CPU.Build.0 = Release|Any CPU
		{15CBA9AE-24BF-4C2B-BA2A-6A6AE365D7D7}.Debug|Any CPU.ActiveCfg = Debug|Any CPU
		{15CBA9AE-24BF-4C2B-BA2A-6A6AE365D7D7}.Debug|Any CPU.Build.0 = Debug|Any CPU
		{15CBA9AE-24BF-4C2B-BA2A-6A6AE365D7D7}.Release|Any CPU.ActiveCfg = Release|Any CPU
		{15CBA9AE-24BF-4C2B-BA2A-6A6AE365D7D7}.Release|Any CPU.Build.0 = Release|Any CPU
		{A676814B-AAC5-4219-B7BF-3794D61F72E7}.Debug|Any CPU.ActiveCfg = Debug|Any CPU
		{A676814B-AAC5-4219-B7BF-3794D61F72E7}.Debug|Any CPU.Build.0 = Debug|Any CPU
		{A676814B-AAC5-4219-B7BF-3794D61F72E7}.Release|Any CPU.ActiveCfg = Release|Any CPU
		{A676814B-AAC5-4219-B7BF-3794D61F72E7}.Release|Any CPU.Build.0 = Release|Any CPU
	EndGlobalSection
	GlobalSection(SolutionProperties) = preSolution
		HideSolutionNode = FALSE
	EndGlobalSection
	GlobalSection(NestedProjects) = preSolution
		{D850616A-E743-4CCE-BD69-F337B5F55EB7} = {C21EE75C-D4C7-4185-99F8-D5113836C812}
		{1BC0EC0A-9BBE-423B-8026-5FFB6F231595} = {C21EE75C-D4C7-4185-99F8-D5113836C812}
		{76EB7ACA-8119-437E-9F3A-0D48E5B4969C} = {C21EE75C-D4C7-4185-99F8-D5113836C812}
		{14C12EB7-00A8-4196-9892-A8481498CF9F} = {4367280E-3920-4413-905A-0BC8F33D267C}
		{DD03EB43-B4A2-4D2D-9C56-EF593E4BE017} = {4367280E-3920-4413-905A-0BC8F33D267C}
		{306CF85F-20E0-4185-B660-24FC00DD32B9} = {4367280E-3920-4413-905A-0BC8F33D267C}
		{C32F2B0E-05ED-40EC-9901-996D01C8663F} = {EF27683F-4D02-41ED-9A69-C23A7E8D11B9}
		{044DCABB-1D2C-4C98-9FF9-958362478112} = {EF27683F-4D02-41ED-9A69-C23A7E8D11B9}
		{A5B9AE7D-5288-4FAB-BE73-89451D9E32D6} = {EF27683F-4D02-41ED-9A69-C23A7E8D11B9}
		{95BCE880-4011-46ED-B414-32EBB4FA14DE} = {94BCCF09-D5E0-4635-81CC-29AF6E3672B5}
		{B8147866-985F-4CF1-9D0D-29D8E038A51B} = {94BCCF09-D5E0-4635-81CC-29AF6E3672B5}
		{9C755BC2-4C89-4055-A982-A4ED0D3C37FC} = {94BCCF09-D5E0-4635-81CC-29AF6E3672B5}
		{3A366FE6-5F29-41B8-AEE3-34F9B714618B} = {C5D2946E-2DBF-4858-BB52-C065BE0FD858}
		{15CBA9AE-24BF-4C2B-BA2A-6A6AE365D7D7} = {C5D2946E-2DBF-4858-BB52-C065BE0FD858}
		{A676814B-AAC5-4219-B7BF-3794D61F72E7} = {C5D2946E-2DBF-4858-BB52-C065BE0FD858}
	EndGlobalSection
	GlobalSection(ExtensibilityGlobals) = postSolution
		SolutionGuid = {17E0A6D7-6609-444A-B338-648E8B59D11D}
	EndGlobalSection
EndGlobal
